
Microsoft Visual Studio Solution File, Format Version 12.00
# Visual Studio Version 17
VisualStudioVersion = 17.11.35208.52
MinimumVisualStudioVersion = 10.0.40219.1
Project("{9A19103F-16F7-4668-BE54-9A1E7A4F7556}") = "OrderService", "OrderService\OrderService.csproj", "{D656AA3F-3979-4A07-92E1-AA40ACF86031}"
EndProject
Project("{9A19103F-16F7-4668-BE54-9A1E7A4F7556}") = "ProductService", "ProductService\ProductService.csproj", "{7DEEC2F9-562F-4420-954D-6F5DA25EB75F}"
EndProject
Project("{9A19103F-16F7-4668-BE54-9A1E7A4F7556}") = "InventoryService", "InventoryService\InventoryService.csproj", "{37C76032-F32A-4BE3-959B-8940BBDF8229}"
EndProject
Project("{9A19103F-16F7-4668-BE54-9A1E7A4F7556}") = "PaymentService", "PaymentService\PaymentService.csproj", "{29420109-EBEC-4645-BFAC-6A2DE645B3AF}"
EndProject
Project("{9A19103F-16F7-4668-BE54-9A1E7A4F7556}") = "CheckoutService", "CheckoutService\CheckoutService.csproj", "{AFC5FEB6-391B-43AF-95F6-A6601CEE0817}"
EndProject
Project("{2150E333-8FDC-42A3-9474-1A3956D46DE8}") = "infra", "infra", "{4CD6ACB2-EEEA-4BE9-AED4-2BC5B34000EC}"
	ProjectSection(SolutionItems) = preProject
		docker-compose.yml = docker-compose.yml
	EndProjectSection
EndProject
Project("{FAE04EC0-301F-11D3-BF4B-00C04F79EFBC}") = "BasketService", "BasketService\BasketService.csproj", "{24A2F3C1-F8D2-486A-9F91-7EE12B03F05D}"
EndProject
Global
	GlobalSection(SolutionConfigurationPlatforms) = preSolution
		Debug|Any CPU = Debug|Any CPU
		Release|Any CPU = Release|Any CPU
	EndGlobalSection
	GlobalSection(ProjectConfigurationPlatforms) = postSolution
		{D656AA3F-3979-4A07-92E1-AA40ACF86031}.Debug|Any CPU.ActiveCfg = Debug|Any CPU
		{D656AA3F-3979-4A07-92E1-AA40ACF86031}.Debug|Any CPU.Build.0 = Debug|Any CPU
		{D656AA3F-3979-4A07-92E1-AA40ACF86031}.Release|Any CPU.ActiveCfg = Release|Any CPU
		{D656AA3F-3979-4A07-92E1-AA40ACF86031}.Release|Any CPU.Build.0 = Release|Any CPU
		{7DEEC2F9-562F-4420-954D-6F5DA25EB75F}.Debug|Any CPU.ActiveCfg = Debug|Any CPU
		{7DEEC2F9-562F-4420-954D-6F5DA25EB75F}.Debug|Any CPU.Build.0 = Debug|Any CPU
		{7DEEC2F9-562F-4420-954D-6F5DA25EB75F}.Release|Any CPU.ActiveCfg = Release|Any CPU
		{7DEEC2F9-562F-4420-954D-6F5DA25EB75F}.Release|Any CPU.Build.0 = Release|Any CPU
		{37C76032-F32A-4BE3-959B-8940BBDF8229}.Debug|Any CPU.ActiveCfg = Debug|Any CPU
		{37C76032-F32A-4BE3-959B-8940BBDF8229}.Debug|Any CPU.Build.0 = Debug|Any CPU
		{37C76032-F32A-4BE3-959B-8940BBDF8229}.Release|Any CPU.ActiveCfg = Release|Any CPU
		{37C76032-F32A-4BE3-959B-8940BBDF8229}.Release|Any CPU.Build.0 = Release|Any CPU
		{29420109-EBEC-4645-BFAC-6A2DE645B3AF}.Debug|Any CPU.ActiveCfg = Debug|Any CPU
		{29420109-EBEC-4645-BFAC-6A2DE645B3AF}.Debug|Any CPU.Build.0 = Debug|Any CPU
		{29420109-EBEC-4645-BFAC-6A2DE645B3AF}.Release|Any CPU.ActiveCfg = Release|Any CPU
		{29420109-EBEC-4645-BFAC-6A2DE645B3AF}.Release|Any CPU.Build.0 = Release|Any CPU
		{AFC5FEB6-391B-43AF-95F6-A6601CEE0817}.Debug|Any CPU.ActiveCfg = Debug|Any CPU
		{AFC5FEB6-391B-43AF-95F6-A6601CEE0817}.Debug|Any CPU.Build.0 = Debug|Any CPU
		{AFC5FEB6-391B-43AF-95F6-A6601CEE0817}.Release|Any CPU.ActiveCfg = Release|Any CPU
		{AFC5FEB6-391B-43AF-95F6-A6601CEE0817}.Release|Any CPU.Build.0 = Release|Any CPU
		{24A2F3C1-F8D2-486A-9F91-7EE12B03F05D}.Debug|Any CPU.ActiveCfg = Debug|Any CPU
		{24A2F3C1-F8D2-486A-9F91-7EE12B03F05D}.Debug|Any CPU.Build.0 = Debug|Any CPU
		{24A2F3C1-F8D2-486A-9F91-7EE12B03F05D}.Release|Any CPU.ActiveCfg = Release|Any CPU
		{24A2F3C1-F8D2-486A-9F91-7EE12B03F05D}.Release|Any CPU.Build.0 = Release|Any CPU
	EndGlobalSection
	GlobalSection(SolutionProperties) = preSolution
		HideSolutionNode = FALSE
	EndGlobalSection
	GlobalSection(ExtensibilityGlobals) = postSolution
		SolutionGuid = {72815354-8615-4F82-B847-4D4D596EC07D}
	EndGlobalSection
EndGlobal
